// !$*UTF8*$!
{
	archiveVersion = 1;
	classes = {
	};
	objectVersion = 46;
	objects = {

/* Begin PBXBuildFile section */
		2C04314B18D076BE008C5476 /* PostViewController.m in Sources */ = {isa = PBXBuildFile; fileRef = 2C04314A18D076BE008C5476 /* PostViewController.m */; };
		2C080D5618CFC6EB0066F30E /* Foundation.framework in Frameworks */ = {isa = PBXBuildFile; fileRef = 2C080D5518CFC6EB0066F30E /* Foundation.framework */; };
		2C080D5818CFC6EB0066F30E /* CoreGraphics.framework in Frameworks */ = {isa = PBXBuildFile; fileRef = 2C080D5718CFC6EB0066F30E /* CoreGraphics.framework */; };
		2C080D5A18CFC6EB0066F30E /* UIKit.framework in Frameworks */ = {isa = PBXBuildFile; fileRef = 2C080D5918CFC6EB0066F30E /* UIKit.framework */; };
		2C080D6018CFC6EB0066F30E /* InfoPlist.strings in Resources */ = {isa = PBXBuildFile; fileRef = 2C080D5E18CFC6EB0066F30E /* InfoPlist.strings */; };
		2C080D6218CFC6EB0066F30E /* main.m in Sources */ = {isa = PBXBuildFile; fileRef = 2C080D6118CFC6EB0066F30E /* main.m */; };
		2C080D6618CFC6EB0066F30E /* AppDelegate.m in Sources */ = {isa = PBXBuildFile; fileRef = 2C080D6518CFC6EB0066F30E /* AppDelegate.m */; };
		2C080D6918CFC6EB0066F30E /* Main.storyboard in Resources */ = {isa = PBXBuildFile; fileRef = 2C080D6718CFC6EB0066F30E /* Main.storyboard */; };
		2C080D6C18CFC6EB0066F30E /* MainViewController.m in Sources */ = {isa = PBXBuildFile; fileRef = 2C080D6B18CFC6EB0066F30E /* MainViewController.m */; };
		2C080D6E18CFC6EB0066F30E /* Images.xcassets in Resources */ = {isa = PBXBuildFile; fileRef = 2C080D6D18CFC6EB0066F30E /* Images.xcassets */; };
		2C080D7518CFC6EB0066F30E /* XCTest.framework in Frameworks */ = {isa = PBXBuildFile; fileRef = 2C080D7418CFC6EB0066F30E /* XCTest.framework */; };
		2C080D7618CFC6EB0066F30E /* Foundation.framework in Frameworks */ = {isa = PBXBuildFile; fileRef = 2C080D5518CFC6EB0066F30E /* Foundation.framework */; };
		2C080D7718CFC6EB0066F30E /* UIKit.framework in Frameworks */ = {isa = PBXBuildFile; fileRef = 2C080D5918CFC6EB0066F30E /* UIKit.framework */; };
		2C080D7F18CFC6EB0066F30E /* InfoPlist.strings in Resources */ = {isa = PBXBuildFile; fileRef = 2C080D7D18CFC6EB0066F30E /* InfoPlist.strings */; };
		2C080D8118CFC6EB0066F30E /* fomoTests.m in Sources */ = {isa = PBXBuildFile; fileRef = 2C080D8018CFC6EB0066F30E /* fomoTests.m */; };
		2C080D8F18CFD6550066F30E /* PBJViewController.m in Sources */ = {isa = PBXBuildFile; fileRef = 2C080D8E18CFD6550066F30E /* PBJViewController.m */; };
		2C080D9418CFD6790066F30E /* PBJFocusView.m in Sources */ = {isa = PBXBuildFile; fileRef = 2C080D9118CFD6790066F30E /* PBJFocusView.m */; };
		2C080D9518CFD6790066F30E /* PBJStrobeView.m in Sources */ = {isa = PBXBuildFile; fileRef = 2C080D9318CFD6790066F30E /* PBJStrobeView.m */; };
		2C080DA718CFDD030066F30E /* capture_flip@2x.png in Resources */ = {isa = PBXBuildFile; fileRef = 2C080D9D18CFDD030066F30E /* capture_flip@2x.png */; };
		2C080DA818CFDD030066F30E /* capture_focus_button_active@2x.png in Resources */ = {isa = PBXBuildFile; fileRef = 2C080D9E18CFDD030066F30E /* capture_focus_button_active@2x.png */; };
		2C080DA918CFDD030066F30E /* capture_focus_button@2x.png in Resources */ = {isa = PBXBuildFile; fileRef = 2C080D9F18CFDD030066F30E /* capture_focus_button@2x.png */; };
		2C080DAA18CFDD030066F30E /* capture_focus@2x.png in Resources */ = {isa = PBXBuildFile; fileRef = 2C080DA018CFDD030066F30E /* capture_focus@2x.png */; };
		2C080DAB18CFDD030066F30E /* capture_onion_selected@2x.png in Resources */ = {isa = PBXBuildFile; fileRef = 2C080DA118CFDD030066F30E /* capture_onion_selected@2x.png */; };
		2C080DAC18CFDD030066F30E /* capture_onion@2x.png in Resources */ = {isa = PBXBuildFile; fileRef = 2C080DA218CFDD030066F30E /* capture_onion@2x.png */; };
		2C080DAD18CFDD030066F30E /* capture_rec_base@2x.png in Resources */ = {isa = PBXBuildFile; fileRef = 2C080DA318CFDD030066F30E /* capture_rec_base@2x.png */; };
		2C080DAE18CFDD030066F30E /* capture_rec_blink@2x.png in Resources */ = {isa = PBXBuildFile; fileRef = 2C080DA418CFDD030066F30E /* capture_rec_blink@2x.png */; };
		2C080DAF18CFDD030066F30E /* capture_rec_off@2x.png in Resources */ = {isa = PBXBuildFile; fileRef = 2C080DA518CFDD030066F30E /* capture_rec_off@2x.png */; };
		2C080DB018CFDD030066F30E /* capture_yep@2x.png in Resources */ = {isa = PBXBuildFile; fileRef = 2C080DA618CFDD030066F30E /* capture_yep@2x.png */; };
		2C3AC53718D674F2000854CA /* NotificationViewController.m in Sources */ = {isa = PBXBuildFile; fileRef = 2C3AC53618D674F2000854CA /* NotificationViewController.m */; };
		2C57B4F018DE6D20005E7244 /* AddressBook.framework in Frameworks */ = {isa = PBXBuildFile; fileRef = 2C57B4EF18DE6D20005E7244 /* AddressBook.framework */; };
		2C769DD118DAF95C00DB34AD /* entypo-options@2x.png in Resources */ = {isa = PBXBuildFile; fileRef = 2C769DC918DAF95B00DB34AD /* entypo-options@2x.png */; };
		2C769DD218DAF95C00DB34AD /* entypo-options.png in Resources */ = {isa = PBXBuildFile; fileRef = 2C769DCA18DAF95B00DB34AD /* entypo-options.png */; };
		2C769DD318DAF95C00DB34AD /* entypo-user@2x.png in Resources */ = {isa = PBXBuildFile; fileRef = 2C769DCB18DAF95B00DB34AD /* entypo-user@2x.png */; };
		2C769DD418DAF95C00DB34AD /* entypo-user.png in Resources */ = {isa = PBXBuildFile; fileRef = 2C769DCC18DAF95B00DB34AD /* entypo-user.png */; };
		2C769DD518DAF95C00DB34AD /* entypo-close@2x.png in Resources */ = {isa = PBXBuildFile; fileRef = 2C769DCD18DAF95B00DB34AD /* entypo-close@2x.png */; };
		2C769DD618DAF95C00DB34AD /* entypo-close.png in Resources */ = {isa = PBXBuildFile; fileRef = 2C769DCE18DAF95C00DB34AD /* entypo-close.png */; };
		2C769DD718DAF95C00DB34AD /* entypo-menu@2x.png in Resources */ = {isa = PBXBuildFile; fileRef = 2C769DCF18DAF95C00DB34AD /* entypo-menu@2x.png */; };
		2C769DD818DAF95C00DB34AD /* entypo-menu.png in Resources */ = {isa = PBXBuildFile; fileRef = 2C769DD018DAF95C00DB34AD /* entypo-menu.png */; };
		2C769DDC18DAFF0A00DB34AD /* menu.png in Resources */ = {isa = PBXBuildFile; fileRef = 2C769DDB18DAFF0A00DB34AD /* menu.png */; };
		2C769DDE18DB008800DB34AD /* profile.png in Resources */ = {isa = PBXBuildFile; fileRef = 2C769DDD18DB008800DB34AD /* profile.png */; };
		2C769DE018DB235500DB34AD /* add.png in Resources */ = {isa = PBXBuildFile; fileRef = 2C769DDF18DB235500DB34AD /* add.png */; };
		2C769DE218DBF35700DB34AD /* logo.png in Resources */ = {isa = PBXBuildFile; fileRef = 2C769DE118DBF35700DB34AD /* logo.png */; };
		2C769DE418DC25C100DB34AD /* record.png in Resources */ = {isa = PBXBuildFile; fileRef = 2C769DE318DC25C100DB34AD /* record.png */; };
		2C769DE618DC293000DB34AD /* close.png in Resources */ = {isa = PBXBuildFile; fileRef = 2C769DE518DC293000DB34AD /* close.png */; };
		2C769DE818DC868800DB34AD /* back.png in Resources */ = {isa = PBXBuildFile; fileRef = 2C769DE718DC868800DB34AD /* back.png */; };
		2C7945B518D3BB6400FCF401 /* AddPostViewController.m in Sources */ = {isa = PBXBuildFile; fileRef = 2C7945B418D3BB6400FCF401 /* AddPostViewController.m */; };
		2C7945B718D3D32A00FCF401 /* Accelerate.framework in Frameworks */ = {isa = PBXBuildFile; fileRef = 2C7945B618D3D32A00FCF401 /* Accelerate.framework */; };
		2C88AF5218E161320084227C /* Manager.m in Sources */ = {isa = PBXBuildFile; fileRef = 2C88AF5118E161320084227C /* Manager.m */; };
		2C88AF5518E1652A0084227C /* Foursquare.m in Sources */ = {isa = PBXBuildFile; fileRef = 2C88AF5418E1652A0084227C /* Foursquare.m */; };
		2C88AF5818E165E90084227C /* Place.m in Sources */ = {isa = PBXBuildFile; fileRef = 2C88AF5718E165E90084227C /* Place.m */; };
		2C88AF5A18E16DCB0084227C /* CoreLocation.framework in Frameworks */ = {isa = PBXBuildFile; fileRef = 2C88AF5918E16DCB0084227C /* CoreLocation.framework */; };
		2CA1A2DF18E3A9C600BB358A /* MenuViewController.m in Sources */ = {isa = PBXBuildFile; fileRef = 2CA1A2DE18E3A9C600BB358A /* MenuViewController.m */; };
		2CA1A2E218E415A100BB358A /* SearchViewController.m in Sources */ = {isa = PBXBuildFile; fileRef = 2CA1A2E118E415A100BB358A /* SearchViewController.m */; };
		2CA1A2E418E4197500BB358A /* QuartzCore.framework in Frameworks */ = {isa = PBXBuildFile; fileRef = 2CA1A2E318E4197500BB358A /* QuartzCore.framework */; };
		2CA1A2E618E4302700BB358A /* burger.png in Resources */ = {isa = PBXBuildFile; fileRef = 2CA1A2E518E4302700BB358A /* burger.png */; };
		2CA1A2E918E433DB00BB358A /* CategoryCell.m in Sources */ = {isa = PBXBuildFile; fileRef = 2CA1A2E818E433DA00BB358A /* CategoryCell.m */; };
		2CA1A2F018E4358B00BB358A /* outdoors.png in Resources */ = {isa = PBXBuildFile; fileRef = 2CA1A2EA18E4358B00BB358A /* outdoors.png */; };
		2CA1A2F118E4358B00BB358A /* arts.png in Resources */ = {isa = PBXBuildFile; fileRef = 2CA1A2EB18E4358B00BB358A /* arts.png */; };
		2CA1A2F218E4358B00BB358A /* sights.png in Resources */ = {isa = PBXBuildFile; fileRef = 2CA1A2EC18E4358B00BB358A /* sights.png */; };
		2CA1A2F318E4358B00BB358A /* shopping.png in Resources */ = {isa = PBXBuildFile; fileRef = 2CA1A2ED18E4358B00BB358A /* shopping.png */; };
		2CA1A2F418E4358B00BB358A /* nightlife.png in Resources */ = {isa = PBXBuildFile; fileRef = 2CA1A2EE18E4358B00BB358A /* nightlife.png */; };
		2CA1A2F518E4358B00BB358A /* coffee.png in Resources */ = {isa = PBXBuildFile; fileRef = 2CA1A2EF18E4358B00BB358A /* coffee.png */; };
		2CA1A2F718E4368A00BB358A /* star.png in Resources */ = {isa = PBXBuildFile; fileRef = 2CA1A2F618E4368A00BB358A /* star.png */; };
		2CA7F40C18E2D1E200EF4A25 /* search.png in Resources */ = {isa = PBXBuildFile; fileRef = 2CA7F40B18E2D1E200EF4A25 /* search.png */; };
		2CA7F40F18E2E34100EF4A25 /* BlurViewController.m in Sources */ = {isa = PBXBuildFile; fileRef = 2CA7F40E18E2E34100EF4A25 /* BlurViewController.m */; };
		2CB245C618DC8C8400EA1EB3 /* check.png in Resources */ = {isa = PBXBuildFile; fileRef = 2CB245C518DC8C8400EA1EB3 /* check.png */; };
		2CB245C918DCF02400EA1EB3 /* WelcomeViewController.m in Sources */ = {isa = PBXBuildFile; fileRef = 2CB245C818DCF02400EA1EB3 /* WelcomeViewController.m */; };
		2CB245CC18DCF04B00EA1EB3 /* SignupViewController.m in Sources */ = {isa = PBXBuildFile; fileRef = 2CB245CB18DCF04B00EA1EB3 /* SignupViewController.m */; };
		2CB48BBD18E59E4A00E82B90 /* PlaceViewController.m in Sources */ = {isa = PBXBuildFile; fileRef = 2CB48BBC18E59E4A00E82B90 /* PlaceViewController.m */; };
		2CB48BC018E63E1800E82B90 /* UIExtensions.m in Sources */ = {isa = PBXBuildFile; fileRef = 2CB48BBF18E63E1800E82B90 /* UIExtensions.m */; };
		2CBE05B418DA5F0E00147743 /* ProfileViewController.m in Sources */ = {isa = PBXBuildFile; fileRef = 2CBE05B318DA5F0E00147743 /* ProfileViewController.m */; };
		2CBE05BD18DA86FA00147743 /* proximanova-bold-webfont.ttf in Resources */ = {isa = PBXBuildFile; fileRef = 2CBE05B618DA86FA00147743 /* proximanova-bold-webfont.ttf */; };
		2CBE05BE18DA86FA00147743 /* proximanova-light-webfont.ttf in Resources */ = {isa = PBXBuildFile; fileRef = 2CBE05B718DA86FA00147743 /* proximanova-light-webfont.ttf */; };
		2CBE05BF18DA86FA00147743 /* proximanova-lightitalic-webfont.ttf in Resources */ = {isa = PBXBuildFile; fileRef = 2CBE05B818DA86FA00147743 /* proximanova-lightitalic-webfont.ttf */; };
		2CBE05C018DA86FA00147743 /* proximanova-semibold-webfont.ttf in Resources */ = {isa = PBXBuildFile; fileRef = 2CBE05B918DA86FA00147743 /* proximanova-semibold-webfont.ttf */; };
		2CBE05C118DA86FA00147743 /* proximanovacond-light-webfont.ttf in Resources */ = {isa = PBXBuildFile; fileRef = 2CBE05BA18DA86FA00147743 /* proximanovacond-light-webfont.ttf */; };
		2CBE05C218DA86FA00147743 /* proximanovacond-lightit-webfont.ttf in Resources */ = {isa = PBXBuildFile; fileRef = 2CBE05BB18DA86FA00147743 /* proximanovacond-lightit-webfont.ttf */; };
		2CBE05C318DA86FA00147743 /* proximanovacond-regular-webfont.ttf in Resources */ = {isa = PBXBuildFile; fileRef = 2CBE05BC18DA86FA00147743 /* proximanovacond-regular-webfont.ttf */; };
		2CBE05C518DAA39B00147743 /* mrseavesitalic.ttf in Resources */ = {isa = PBXBuildFile; fileRef = 2CBE05C418DAA39B00147743 /* mrseavesitalic.ttf */; };
		2CBE05C818DAE20400147743 /* StreamViewController.m in Sources */ = {isa = PBXBuildFile; fileRef = 2CBE05C718DAE20400147743 /* StreamViewController.m */; };
		2CCB3D0918D090EC0090DA1A /* StreamTableViewController.m in Sources */ = {isa = PBXBuildFile; fileRef = 2CCB3D0818D090EC0090DA1A /* StreamTableViewController.m */; };
		2CCB3D0C18D105A80090DA1A /* PostCell.m in Sources */ = {isa = PBXBuildFile; fileRef = 2CCB3D0B18D105A80090DA1A /* PostCell.m */; };
		2CCB3D1218D11A520090DA1A /* Client.m in Sources */ = {isa = PBXBuildFile; fileRef = 2CCB3D1118D11A520090DA1A /* Client.m */; };
		2CCB3D1618D188320090DA1A /* Post.m in Sources */ = {isa = PBXBuildFile; fileRef = 2CCB3D1518D188320090DA1A /* Post.m */; };
		2CCB3D1918D24DF10090DA1A /* Constants.m in Sources */ = {isa = PBXBuildFile; fileRef = 2CCB3D1818D24DF10090DA1A /* Constants.m */; };
		9342F7DF59704EED89D84BD9 /* libPods.a in Frameworks */ = {isa = PBXBuildFile; fileRef = 01B446E530F643C9BCC509E1 /* libPods.a */; };
/* End PBXBuildFile section */

/* Begin PBXContainerItemProxy section */
		2C080D7818CFC6EB0066F30E /* PBXContainerItemProxy */ = {
			isa = PBXContainerItemProxy;
			containerPortal = 2C080D4A18CFC6EA0066F30E /* Project object */;
			proxyType = 1;
			remoteGlobalIDString = 2C080D5118CFC6EB0066F30E;
			remoteInfo = fomo;
		};
/* End PBXContainerItemProxy section */

/* Begin PBXFileReference section */
		01B446E530F643C9BCC509E1 /* libPods.a */ = {isa = PBXFileReference; explicitFileType = archive.ar; includeInIndex = 0; path = libPods.a; sourceTree = BUILT_PRODUCTS_DIR; };
		2C04314918D076BE008C5476 /* PostViewController.h */ = {isa = PBXFileReference; fileEncoding = 4; lastKnownFileType = sourcecode.c.h; path = PostViewController.h; sourceTree = "<group>"; };
		2C04314A18D076BE008C5476 /* PostViewController.m */ = {isa = PBXFileReference; fileEncoding = 4; lastKnownFileType = sourcecode.c.objc; path = PostViewController.m; sourceTree = "<group>"; };
		2C080D5218CFC6EB0066F30E /* fomo.app */ = {isa = PBXFileReference; explicitFileType = wrapper.application; includeInIndex = 0; path = fomo.app; sourceTree = BUILT_PRODUCTS_DIR; };
		2C080D5518CFC6EB0066F30E /* Foundation.framework */ = {isa = PBXFileReference; lastKnownFileType = wrapper.framework; name = Foundation.framework; path = System/Library/Frameworks/Foundation.framework; sourceTree = SDKROOT; };
		2C080D5718CFC6EB0066F30E /* CoreGraphics.framework */ = {isa = PBXFileReference; lastKnownFileType = wrapper.framework; name = CoreGraphics.framework; path = System/Library/Frameworks/CoreGraphics.framework; sourceTree = SDKROOT; };
		2C080D5918CFC6EB0066F30E /* UIKit.framework */ = {isa = PBXFileReference; lastKnownFileType = wrapper.framework; name = UIKit.framework; path = System/Library/Frameworks/UIKit.framework; sourceTree = SDKROOT; };
		2C080D5D18CFC6EB0066F30E /* fomo-Info.plist */ = {isa = PBXFileReference; lastKnownFileType = text.plist.xml; path = "fomo-Info.plist"; sourceTree = "<group>"; };
		2C080D5F18CFC6EB0066F30E /* en */ = {isa = PBXFileReference; lastKnownFileType = text.plist.strings; name = en; path = en.lproj/InfoPlist.strings; sourceTree = "<group>"; };
		2C080D6118CFC6EB0066F30E /* main.m */ = {isa = PBXFileReference; lastKnownFileType = sourcecode.c.objc; path = main.m; sourceTree = "<group>"; };
		2C080D6318CFC6EB0066F30E /* fomo-Prefix.pch */ = {isa = PBXFileReference; lastKnownFileType = sourcecode.c.h; path = "fomo-Prefix.pch"; sourceTree = "<group>"; };
		2C080D6418CFC6EB0066F30E /* AppDelegate.h */ = {isa = PBXFileReference; lastKnownFileType = sourcecode.c.h; path = AppDelegate.h; sourceTree = "<group>"; };
		2C080D6518CFC6EB0066F30E /* AppDelegate.m */ = {isa = PBXFileReference; lastKnownFileType = sourcecode.c.objc; path = AppDelegate.m; sourceTree = "<group>"; };
		2C080D6818CFC6EB0066F30E /* Base */ = {isa = PBXFileReference; lastKnownFileType = file.storyboard; name = Base; path = Base.lproj/Main.storyboard; sourceTree = "<group>"; };
		2C080D6A18CFC6EB0066F30E /* MainViewController.h */ = {isa = PBXFileReference; lastKnownFileType = sourcecode.c.h; path = MainViewController.h; sourceTree = "<group>"; };
		2C080D6B18CFC6EB0066F30E /* MainViewController.m */ = {isa = PBXFileReference; lastKnownFileType = sourcecode.c.objc; path = MainViewController.m; sourceTree = "<group>"; };
		2C080D6D18CFC6EB0066F30E /* Images.xcassets */ = {isa = PBXFileReference; lastKnownFileType = folder.assetcatalog; path = Images.xcassets; sourceTree = "<group>"; };
		2C080D7318CFC6EB0066F30E /* fomoTests.xctest */ = {isa = PBXFileReference; explicitFileType = wrapper.cfbundle; includeInIndex = 0; path = fomoTests.xctest; sourceTree = BUILT_PRODUCTS_DIR; };
		2C080D7418CFC6EB0066F30E /* XCTest.framework */ = {isa = PBXFileReference; lastKnownFileType = wrapper.framework; name = XCTest.framework; path = Library/Frameworks/XCTest.framework; sourceTree = DEVELOPER_DIR; };
		2C080D7C18CFC6EB0066F30E /* fomoTests-Info.plist */ = {isa = PBXFileReference; lastKnownFileType = text.plist.xml; path = "fomoTests-Info.plist"; sourceTree = "<group>"; };
		2C080D7E18CFC6EB0066F30E /* en */ = {isa = PBXFileReference; lastKnownFileType = text.plist.strings; name = en; path = en.lproj/InfoPlist.strings; sourceTree = "<group>"; };
		2C080D8018CFC6EB0066F30E /* fomoTests.m */ = {isa = PBXFileReference; lastKnownFileType = sourcecode.c.objc; path = fomoTests.m; sourceTree = "<group>"; };
		2C080D8D18CFD6550066F30E /* PBJViewController.h */ = {isa = PBXFileReference; fileEncoding = 4; lastKnownFileType = sourcecode.c.h; path = PBJViewController.h; sourceTree = "<group>"; };
		2C080D8E18CFD6550066F30E /* PBJViewController.m */ = {isa = PBXFileReference; fileEncoding = 4; lastKnownFileType = sourcecode.c.objc; path = PBJViewController.m; sourceTree = "<group>"; };
		2C080D9018CFD6790066F30E /* PBJFocusView.h */ = {isa = PBXFileReference; fileEncoding = 4; lastKnownFileType = sourcecode.c.h; path = PBJFocusView.h; sourceTree = "<group>"; };
		2C080D9118CFD6790066F30E /* PBJFocusView.m */ = {isa = PBXFileReference; fileEncoding = 4; lastKnownFileType = sourcecode.c.objc; path = PBJFocusView.m; sourceTree = "<group>"; };
		2C080D9218CFD6790066F30E /* PBJStrobeView.h */ = {isa = PBXFileReference; fileEncoding = 4; lastKnownFileType = sourcecode.c.h; path = PBJStrobeView.h; sourceTree = "<group>"; };
		2C080D9318CFD6790066F30E /* PBJStrobeView.m */ = {isa = PBXFileReference; fileEncoding = 4; lastKnownFileType = sourcecode.c.objc; path = PBJStrobeView.m; sourceTree = "<group>"; };
		2C080D9D18CFDD030066F30E /* capture_flip@2x.png */ = {isa = PBXFileReference; lastKnownFileType = image.png; name = "capture_flip@2x.png"; path = "Images/capture_flip@2x.png"; sourceTree = "<group>"; };
		2C080D9E18CFDD030066F30E /* capture_focus_button_active@2x.png */ = {isa = PBXFileReference; lastKnownFileType = image.png; name = "capture_focus_button_active@2x.png"; path = "Images/capture_focus_button_active@2x.png"; sourceTree = "<group>"; };
		2C080D9F18CFDD030066F30E /* capture_focus_button@2x.png */ = {isa = PBXFileReference; lastKnownFileType = image.png; name = "capture_focus_button@2x.png"; path = "Images/capture_focus_button@2x.png"; sourceTree = "<group>"; };
		2C080DA018CFDD030066F30E /* capture_focus@2x.png */ = {isa = PBXFileReference; lastKnownFileType = image.png; name = "capture_focus@2x.png"; path = "Images/capture_focus@2x.png"; sourceTree = "<group>"; };
		2C080DA118CFDD030066F30E /* capture_onion_selected@2x.png */ = {isa = PBXFileReference; lastKnownFileType = image.png; name = "capture_onion_selected@2x.png"; path = "Images/capture_onion_selected@2x.png"; sourceTree = "<group>"; };
		2C080DA218CFDD030066F30E /* capture_onion@2x.png */ = {isa = PBXFileReference; lastKnownFileType = image.png; name = "capture_onion@2x.png"; path = "Images/capture_onion@2x.png"; sourceTree = "<group>"; };
		2C080DA318CFDD030066F30E /* capture_rec_base@2x.png */ = {isa = PBXFileReference; lastKnownFileType = image.png; name = "capture_rec_base@2x.png"; path = "Images/capture_rec_base@2x.png"; sourceTree = "<group>"; };
		2C080DA418CFDD030066F30E /* capture_rec_blink@2x.png */ = {isa = PBXFileReference; lastKnownFileType = image.png; name = "capture_rec_blink@2x.png"; path = "Images/capture_rec_blink@2x.png"; sourceTree = "<group>"; };
		2C080DA518CFDD030066F30E /* capture_rec_off@2x.png */ = {isa = PBXFileReference; lastKnownFileType = image.png; name = "capture_rec_off@2x.png"; path = "Images/capture_rec_off@2x.png"; sourceTree = "<group>"; };
		2C080DA618CFDD030066F30E /* capture_yep@2x.png */ = {isa = PBXFileReference; lastKnownFileType = image.png; name = "capture_yep@2x.png"; path = "Images/capture_yep@2x.png"; sourceTree = "<group>"; };
		2C3AC53518D674F2000854CA /* NotificationViewController.h */ = {isa = PBXFileReference; fileEncoding = 4; lastKnownFileType = sourcecode.c.h; name = NotificationViewController.h; path = ../NotificationViewController.h; sourceTree = "<group>"; };
		2C3AC53618D674F2000854CA /* NotificationViewController.m */ = {isa = PBXFileReference; fileEncoding = 4; lastKnownFileType = sourcecode.c.objc; name = NotificationViewController.m; path = ../NotificationViewController.m; sourceTree = "<group>"; };
		2C57B4EF18DE6D20005E7244 /* AddressBook.framework */ = {isa = PBXFileReference; lastKnownFileType = wrapper.framework; name = AddressBook.framework; path = System/Library/Frameworks/AddressBook.framework; sourceTree = SDKROOT; };
		2C769DC918DAF95B00DB34AD /* entypo-options@2x.png */ = {isa = PBXFileReference; lastKnownFileType = image.png; name = "entypo-options@2x.png"; path = "Images/entypo-options@2x.png"; sourceTree = "<group>"; };
		2C769DCA18DAF95B00DB34AD /* entypo-options.png */ = {isa = PBXFileReference; lastKnownFileType = image.png; name = "entypo-options.png"; path = "Images/entypo-options.png"; sourceTree = "<group>"; };
		2C769DCB18DAF95B00DB34AD /* entypo-user@2x.png */ = {isa = PBXFileReference; lastKnownFileType = image.png; name = "entypo-user@2x.png"; path = "Images/entypo-user@2x.png"; sourceTree = "<group>"; };
		2C769DCC18DAF95B00DB34AD /* entypo-user.png */ = {isa = PBXFileReference; lastKnownFileType = image.png; name = "entypo-user.png"; path = "Images/entypo-user.png"; sourceTree = "<group>"; };
		2C769DCD18DAF95B00DB34AD /* entypo-close@2x.png */ = {isa = PBXFileReference; lastKnownFileType = image.png; name = "entypo-close@2x.png"; path = "Images/entypo-close@2x.png"; sourceTree = "<group>"; };
		2C769DCE18DAF95C00DB34AD /* entypo-close.png */ = {isa = PBXFileReference; lastKnownFileType = image.png; name = "entypo-close.png"; path = "Images/entypo-close.png"; sourceTree = "<group>"; };
		2C769DCF18DAF95C00DB34AD /* entypo-menu@2x.png */ = {isa = PBXFileReference; lastKnownFileType = image.png; name = "entypo-menu@2x.png"; path = "Images/entypo-menu@2x.png"; sourceTree = "<group>"; };
		2C769DD018DAF95C00DB34AD /* entypo-menu.png */ = {isa = PBXFileReference; lastKnownFileType = image.png; name = "entypo-menu.png"; path = "Images/entypo-menu.png"; sourceTree = "<group>"; };
		2C769DDB18DAFF0A00DB34AD /* menu.png */ = {isa = PBXFileReference; lastKnownFileType = image.png; name = menu.png; path = Images/menu.png; sourceTree = "<group>"; };
		2C769DDD18DB008800DB34AD /* profile.png */ = {isa = PBXFileReference; lastKnownFileType = image.png; name = profile.png; path = Images/profile.png; sourceTree = "<group>"; };
		2C769DDF18DB235500DB34AD /* add.png */ = {isa = PBXFileReference; lastKnownFileType = image.png; name = add.png; path = Images/add.png; sourceTree = "<group>"; };
		2C769DE118DBF35700DB34AD /* logo.png */ = {isa = PBXFileReference; lastKnownFileType = image.png; name = logo.png; path = Images/logo.png; sourceTree = "<group>"; };
		2C769DE318DC25C100DB34AD /* record.png */ = {isa = PBXFileReference; lastKnownFileType = image.png; name = record.png; path = Images/record.png; sourceTree = "<group>"; };
		2C769DE518DC293000DB34AD /* close.png */ = {isa = PBXFileReference; lastKnownFileType = image.png; name = close.png; path = Images/close.png; sourceTree = "<group>"; };
		2C769DE718DC868800DB34AD /* back.png */ = {isa = PBXFileReference; lastKnownFileType = image.png; name = back.png; path = Images/back.png; sourceTree = "<group>"; };
		2C7945B318D3BB6400FCF401 /* AddPostViewController.h */ = {isa = PBXFileReference; fileEncoding = 4; lastKnownFileType = sourcecode.c.h; path = AddPostViewController.h; sourceTree = "<group>"; };
		2C7945B418D3BB6400FCF401 /* AddPostViewController.m */ = {isa = PBXFileReference; fileEncoding = 4; lastKnownFileType = sourcecode.c.objc; path = AddPostViewController.m; sourceTree = "<group>"; };
		2C7945B618D3D32A00FCF401 /* Accelerate.framework */ = {isa = PBXFileReference; lastKnownFileType = wrapper.framework; name = Accelerate.framework; path = System/Library/Frameworks/Accelerate.framework; sourceTree = SDKROOT; };
		2C88AF5018E161320084227C /* Manager.h */ = {isa = PBXFileReference; fileEncoding = 4; lastKnownFileType = sourcecode.c.h; path = Manager.h; sourceTree = "<group>"; };
		2C88AF5118E161320084227C /* Manager.m */ = {isa = PBXFileReference; fileEncoding = 4; lastKnownFileType = sourcecode.c.objc; path = Manager.m; sourceTree = "<group>"; };
		2C88AF5318E1652A0084227C /* Foursquare.h */ = {isa = PBXFileReference; fileEncoding = 4; lastKnownFileType = sourcecode.c.h; path = Foursquare.h; sourceTree = "<group>"; };
		2C88AF5418E1652A0084227C /* Foursquare.m */ = {isa = PBXFileReference; fileEncoding = 4; lastKnownFileType = sourcecode.c.objc; path = Foursquare.m; sourceTree = "<group>"; };
		2C88AF5618E165E90084227C /* Place.h */ = {isa = PBXFileReference; fileEncoding = 4; lastKnownFileType = sourcecode.c.h; path = Place.h; sourceTree = "<group>"; };
		2C88AF5718E165E90084227C /* Place.m */ = {isa = PBXFileReference; fileEncoding = 4; lastKnownFileType = sourcecode.c.objc; path = Place.m; sourceTree = "<group>"; };
		2C88AF5918E16DCB0084227C /* CoreLocation.framework */ = {isa = PBXFileReference; lastKnownFileType = wrapper.framework; name = CoreLocation.framework; path = System/Library/Frameworks/CoreLocation.framework; sourceTree = SDKROOT; };
		2CA1A2DD18E3A9C600BB358A /* MenuViewController.h */ = {isa = PBXFileReference; fileEncoding = 4; lastKnownFileType = sourcecode.c.h; path = MenuViewController.h; sourceTree = "<group>"; };
		2CA1A2DE18E3A9C600BB358A /* MenuViewController.m */ = {isa = PBXFileReference; fileEncoding = 4; lastKnownFileType = sourcecode.c.objc; path = MenuViewController.m; sourceTree = "<group>"; };
		2CA1A2E018E415A100BB358A /* SearchViewController.h */ = {isa = PBXFileReference; fileEncoding = 4; lastKnownFileType = sourcecode.c.h; path = SearchViewController.h; sourceTree = "<group>"; };
		2CA1A2E118E415A100BB358A /* SearchViewController.m */ = {isa = PBXFileReference; fileEncoding = 4; lastKnownFileType = sourcecode.c.objc; path = SearchViewController.m; sourceTree = "<group>"; };
		2CA1A2E318E4197500BB358A /* QuartzCore.framework */ = {isa = PBXFileReference; lastKnownFileType = wrapper.framework; name = QuartzCore.framework; path = System/Library/Frameworks/QuartzCore.framework; sourceTree = SDKROOT; };
		2CA1A2E518E4302700BB358A /* burger.png */ = {isa = PBXFileReference; lastKnownFileType = image.png; name = burger.png; path = Images/burger.png; sourceTree = "<group>"; };
		2CA1A2E718E433DA00BB358A /* CategoryCell.h */ = {isa = PBXFileReference; fileEncoding = 4; lastKnownFileType = sourcecode.c.h; path = CategoryCell.h; sourceTree = "<group>"; };
		2CA1A2E818E433DA00BB358A /* CategoryCell.m */ = {isa = PBXFileReference; fileEncoding = 4; lastKnownFileType = sourcecode.c.objc; path = CategoryCell.m; sourceTree = "<group>"; };
		2CA1A2EA18E4358B00BB358A /* outdoors.png */ = {isa = PBXFileReference; lastKnownFileType = image.png; name = outdoors.png; path = Images/outdoors.png; sourceTree = "<group>"; };
		2CA1A2EB18E4358B00BB358A /* arts.png */ = {isa = PBXFileReference; lastKnownFileType = image.png; name = arts.png; path = Images/arts.png; sourceTree = "<group>"; };
		2CA1A2EC18E4358B00BB358A /* sights.png */ = {isa = PBXFileReference; lastKnownFileType = image.png; name = sights.png; path = Images/sights.png; sourceTree = "<group>"; };
		2CA1A2ED18E4358B00BB358A /* shopping.png */ = {isa = PBXFileReference; lastKnownFileType = image.png; name = shopping.png; path = Images/shopping.png; sourceTree = "<group>"; };
		2CA1A2EE18E4358B00BB358A /* nightlife.png */ = {isa = PBXFileReference; lastKnownFileType = image.png; name = nightlife.png; path = Images/nightlife.png; sourceTree = "<group>"; };
		2CA1A2EF18E4358B00BB358A /* coffee.png */ = {isa = PBXFileReference; lastKnownFileType = image.png; name = coffee.png; path = Images/coffee.png; sourceTree = "<group>"; };
		2CA1A2F618E4368A00BB358A /* star.png */ = {isa = PBXFileReference; lastKnownFileType = image.png; name = star.png; path = Images/star.png; sourceTree = "<group>"; };
		2CA7F40B18E2D1E200EF4A25 /* search.png */ = {isa = PBXFileReference; lastKnownFileType = image.png; name = search.png; path = Images/search.png; sourceTree = "<group>"; };
		2CA7F40D18E2E34100EF4A25 /* BlurViewController.h */ = {isa = PBXFileReference; fileEncoding = 4; lastKnownFileType = sourcecode.c.h; path = BlurViewController.h; sourceTree = "<group>"; };
		2CA7F40E18E2E34100EF4A25 /* BlurViewController.m */ = {isa = PBXFileReference; fileEncoding = 4; lastKnownFileType = sourcecode.c.objc; path = BlurViewController.m; sourceTree = "<group>"; };
		2CB245C518DC8C8400EA1EB3 /* check.png */ = {isa = PBXFileReference; lastKnownFileType = image.png; name = check.png; path = Images/check.png; sourceTree = "<group>"; };
		2CB245C718DCF02400EA1EB3 /* WelcomeViewController.h */ = {isa = PBXFileReference; fileEncoding = 4; lastKnownFileType = sourcecode.c.h; path = WelcomeViewController.h; sourceTree = "<group>"; };
		2CB245C818DCF02400EA1EB3 /* WelcomeViewController.m */ = {isa = PBXFileReference; fileEncoding = 4; lastKnownFileType = sourcecode.c.objc; path = WelcomeViewController.m; sourceTree = "<group>"; };
		2CB245CA18DCF04B00EA1EB3 /* SignupViewController.h */ = {isa = PBXFileReference; fileEncoding = 4; lastKnownFileType = sourcecode.c.h; path = SignupViewController.h; sourceTree = "<group>"; };
		2CB245CB18DCF04B00EA1EB3 /* SignupViewController.m */ = {isa = PBXFileReference; fileEncoding = 4; lastKnownFileType = sourcecode.c.objc; path = SignupViewController.m; sourceTree = "<group>"; };
		2CB48BBB18E59E4A00E82B90 /* PlaceViewController.h */ = {isa = PBXFileReference; fileEncoding = 4; lastKnownFileType = sourcecode.c.h; path = PlaceViewController.h; sourceTree = "<group>"; };
		2CB48BBC18E59E4A00E82B90 /* PlaceViewController.m */ = {isa = PBXFileReference; fileEncoding = 4; lastKnownFileType = sourcecode.c.objc; path = PlaceViewController.m; sourceTree = "<group>"; };
		2CB48BBE18E63E1800E82B90 /* UIExtensions.h */ = {isa = PBXFileReference; fileEncoding = 4; lastKnownFileType = sourcecode.c.h; path = UIExtensions.h; sourceTree = "<group>"; };
		2CB48BBF18E63E1800E82B90 /* UIExtensions.m */ = {isa = PBXFileReference; fileEncoding = 4; lastKnownFileType = sourcecode.c.objc; path = UIExtensions.m; sourceTree = "<group>"; };
		2CBE05B218DA5F0E00147743 /* ProfileViewController.h */ = {isa = PBXFileReference; fileEncoding = 4; lastKnownFileType = sourcecode.c.h; path = ProfileViewController.h; sourceTree = "<group>"; };
		2CBE05B318DA5F0E00147743 /* ProfileViewController.m */ = {isa = PBXFileReference; fileEncoding = 4; lastKnownFileType = sourcecode.c.objc; path = ProfileViewController.m; sourceTree = "<group>"; };
		2CBE05B618DA86FA00147743 /* proximanova-bold-webfont.ttf */ = {isa = PBXFileReference; lastKnownFileType = file; name = "proximanova-bold-webfont.ttf"; path = "../../../ios-vanish-master/vanish-app/Vanish/Vanish/Resources/Fonts/proximanova-bold-webfont.ttf"; sourceTree = "<group>"; };
		2CBE05B718DA86FA00147743 /* proximanova-light-webfont.ttf */ = {isa = PBXFileReference; lastKnownFileType = file; name = "proximanova-light-webfont.ttf"; path = "../../../ios-vanish-master/vanish-app/Vanish/Vanish/Resources/Fonts/proximanova-light-webfont.ttf"; sourceTree = "<group>"; };
		2CBE05B818DA86FA00147743 /* proximanova-lightitalic-webfont.ttf */ = {isa = PBXFileReference; lastKnownFileType = file; name = "proximanova-lightitalic-webfont.ttf"; path = "../../../ios-vanish-master/vanish-app/Vanish/Vanish/Resources/Fonts/proximanova-lightitalic-webfont.ttf"; sourceTree = "<group>"; };
		2CBE05B918DA86FA00147743 /* proximanova-semibold-webfont.ttf */ = {isa = PBXFileReference; lastKnownFileType = file; name = "proximanova-semibold-webfont.ttf"; path = "../../../ios-vanish-master/vanish-app/Vanish/Vanish/Resources/Fonts/proximanova-semibold-webfont.ttf"; sourceTree = "<group>"; };
		2CBE05BA18DA86FA00147743 /* proximanovacond-light-webfont.ttf */ = {isa = PBXFileReference; lastKnownFileType = file; name = "proximanovacond-light-webfont.ttf"; path = "../../../ios-vanish-master/vanish-app/Vanish/Vanish/Resources/Fonts/proximanovacond-light-webfont.ttf"; sourceTree = "<group>"; };
		2CBE05BB18DA86FA00147743 /* proximanovacond-lightit-webfont.ttf */ = {isa = PBXFileReference; lastKnownFileType = file; name = "proximanovacond-lightit-webfont.ttf"; path = "../../../ios-vanish-master/vanish-app/Vanish/Vanish/Resources/Fonts/proximanovacond-lightit-webfont.ttf"; sourceTree = "<group>"; };
		2CBE05BC18DA86FA00147743 /* proximanovacond-regular-webfont.ttf */ = {isa = PBXFileReference; lastKnownFileType = file; name = "proximanovacond-regular-webfont.ttf"; path = "../../../ios-vanish-master/vanish-app/Vanish/Vanish/Resources/Fonts/proximanovacond-regular-webfont.ttf"; sourceTree = "<group>"; };
		2CBE05C418DAA39B00147743 /* mrseavesitalic.ttf */ = {isa = PBXFileReference; lastKnownFileType = file; name = mrseavesitalic.ttf; path = ../../../../Downloads/mrseavesitalic.ttf; sourceTree = "<group>"; };
		2CBE05C618DAE20400147743 /* StreamViewController.h */ = {isa = PBXFileReference; fileEncoding = 4; lastKnownFileType = sourcecode.c.h; path = StreamViewController.h; sourceTree = "<group>"; };
		2CBE05C718DAE20400147743 /* StreamViewController.m */ = {isa = PBXFileReference; fileEncoding = 4; lastKnownFileType = sourcecode.c.objc; path = StreamViewController.m; sourceTree = "<group>"; };
		2CCB3D0718D090EC0090DA1A /* StreamTableViewController.h */ = {isa = PBXFileReference; fileEncoding = 4; lastKnownFileType = sourcecode.c.h; path = StreamTableViewController.h; sourceTree = "<group>"; };
		2CCB3D0818D090EC0090DA1A /* StreamTableViewController.m */ = {isa = PBXFileReference; fileEncoding = 4; lastKnownFileType = sourcecode.c.objc; path = StreamTableViewController.m; sourceTree = "<group>"; };
		2CCB3D0A18D105A80090DA1A /* PostCell.h */ = {isa = PBXFileReference; fileEncoding = 4; lastKnownFileType = sourcecode.c.h; path = PostCell.h; sourceTree = "<group>"; };
		2CCB3D0B18D105A80090DA1A /* PostCell.m */ = {isa = PBXFileReference; fileEncoding = 4; lastKnownFileType = sourcecode.c.objc; path = PostCell.m; sourceTree = "<group>"; };
		2CCB3D1018D11A520090DA1A /* Client.h */ = {isa = PBXFileReference; fileEncoding = 4; lastKnownFileType = sourcecode.c.h; path = Client.h; sourceTree = "<group>"; };
		2CCB3D1118D11A520090DA1A /* Client.m */ = {isa = PBXFileReference; fileEncoding = 4; lastKnownFileType = sourcecode.c.objc; path = Client.m; sourceTree = "<group>"; };
		2CCB3D1418D188320090DA1A /* Post.h */ = {isa = PBXFileReference; fileEncoding = 4; lastKnownFileType = sourcecode.c.h; path = Post.h; sourceTree = "<group>"; };
		2CCB3D1518D188320090DA1A /* Post.m */ = {isa = PBXFileReference; fileEncoding = 4; lastKnownFileType = sourcecode.c.objc; path = Post.m; sourceTree = "<group>"; };
		2CCB3D1718D24DF10090DA1A /* Constants.h */ = {isa = PBXFileReference; fileEncoding = 4; lastKnownFileType = sourcecode.c.h; path = Constants.h; sourceTree = "<group>"; };
		2CCB3D1818D24DF10090DA1A /* Constants.m */ = {isa = PBXFileReference; fileEncoding = 4; lastKnownFileType = sourcecode.c.objc; path = Constants.m; sourceTree = "<group>"; };
		B9B0D5FE7C8B47A3878B3090 /* Pods.xcconfig */ = {isa = PBXFileReference; includeInIndex = 1; lastKnownFileType = text.xcconfig; name = Pods.xcconfig; path = Pods/Pods.xcconfig; sourceTree = "<group>"; };
/* End PBXFileReference section */

/* Begin PBXFrameworksBuildPhase section */
		2C080D4F18CFC6EB0066F30E /* Frameworks */ = {
			isa = PBXFrameworksBuildPhase;
			buildActionMask = 2147483647;
			files = (
				2CA1A2E418E4197500BB358A /* QuartzCore.framework in Frameworks */,
				2C88AF5A18E16DCB0084227C /* CoreLocation.framework in Frameworks */,
				2C57B4F018DE6D20005E7244 /* AddressBook.framework in Frameworks */,
				2C7945B718D3D32A00FCF401 /* Accelerate.framework in Frameworks */,
				2C080D5818CFC6EB0066F30E /* CoreGraphics.framework in Frameworks */,
				2C080D5A18CFC6EB0066F30E /* UIKit.framework in Frameworks */,
				2C080D5618CFC6EB0066F30E /* Foundation.framework in Frameworks */,
				9342F7DF59704EED89D84BD9 /* libPods.a in Frameworks */,
			);
			runOnlyForDeploymentPostprocessing = 0;
		};
		2C080D7018CFC6EB0066F30E /* Frameworks */ = {
			isa = PBXFrameworksBuildPhase;
			buildActionMask = 2147483647;
			files = (
				2C080D7518CFC6EB0066F30E /* XCTest.framework in Frameworks */,
				2C080D7718CFC6EB0066F30E /* UIKit.framework in Frameworks */,
				2C080D7618CFC6EB0066F30E /* Foundation.framework in Frameworks */,
			);
			runOnlyForDeploymentPostprocessing = 0;
		};
/* End PBXFrameworksBuildPhase section */

/* Begin PBXGroup section */
		2C080D4918CFC6EA0066F30E = {
			isa = PBXGroup;
			children = (
				2C080D5B18CFC6EB0066F30E /* fomo */,
				2C080D7A18CFC6EB0066F30E /* fomoTests */,
				2C080D5418CFC6EB0066F30E /* Frameworks */,
				2C080D5318CFC6EB0066F30E /* Products */,
				B9B0D5FE7C8B47A3878B3090 /* Pods.xcconfig */,
			);
			sourceTree = "<group>";
		};
		2C080D5318CFC6EB0066F30E /* Products */ = {
			isa = PBXGroup;
			children = (
				2C080D5218CFC6EB0066F30E /* fomo.app */,
				2C080D7318CFC6EB0066F30E /* fomoTests.xctest */,
			);
			name = Products;
			sourceTree = "<group>";
		};
		2C080D5418CFC6EB0066F30E /* Frameworks */ = {
			isa = PBXGroup;
			children = (
				2CA1A2E318E4197500BB358A /* QuartzCore.framework */,
				2C88AF5918E16DCB0084227C /* CoreLocation.framework */,
				2C57B4EF18DE6D20005E7244 /* AddressBook.framework */,
				2C7945B618D3D32A00FCF401 /* Accelerate.framework */,
				2C080D5518CFC6EB0066F30E /* Foundation.framework */,
				2C080D5718CFC6EB0066F30E /* CoreGraphics.framework */,
				2C080D5918CFC6EB0066F30E /* UIKit.framework */,
				2C080D7418CFC6EB0066F30E /* XCTest.framework */,
				01B446E530F643C9BCC509E1 /* libPods.a */,
			);
			name = Frameworks;
			sourceTree = "<group>";
		};
		2C080D5B18CFC6EB0066F30E /* fomo */ = {
			isa = PBXGroup;
			children = (
				2C2752DF18E54D3E003D6C28 /* UI */,
				2C2752DE18E54CF8003D6C28 /* Views */,
				2CCB3D1318D1880B0090DA1A /* Models */,
				2C080D6418CFC6EB0066F30E /* AppDelegate.h */,
				2C080D6518CFC6EB0066F30E /* AppDelegate.m */,
				2C080D6718CFC6EB0066F30E /* Main.storyboard */,
				2C080D6D18CFC6EB0066F30E /* Images.xcassets */,
				2C080D5C18CFC6EB0066F30E /* Supporting Files */,
				2CCB3D1018D11A520090DA1A /* Client.h */,
				2CCB3D1118D11A520090DA1A /* Client.m */,
				2CCB3D1718D24DF10090DA1A /* Constants.h */,
				2CCB3D1818D24DF10090DA1A /* Constants.m */,
				2C88AF5018E161320084227C /* Manager.h */,
				2C88AF5118E161320084227C /* Manager.m */,
				2C88AF5318E1652A0084227C /* Foursquare.h */,
				2C88AF5418E1652A0084227C /* Foursquare.m */,
			);
			path = fomo;
			sourceTree = "<group>";
		};
		2C080D5C18CFC6EB0066F30E /* Supporting Files */ = {
			isa = PBXGroup;
			children = (
				2CBE05B518DA867D00147743 /* Fonts */,
				2C080D9C18CFDCB00066F30E /* Images */,
				2C080D5D18CFC6EB0066F30E /* fomo-Info.plist */,
				2C080D5E18CFC6EB0066F30E /* InfoPlist.strings */,
				2C080D6118CFC6EB0066F30E /* main.m */,
				2C080D6318CFC6EB0066F30E /* fomo-Prefix.pch */,
			);
			name = "Supporting Files";
			sourceTree = "<group>";
		};
		2C080D7A18CFC6EB0066F30E /* fomoTests */ = {
			isa = PBXGroup;
			children = (
				2C080D8018CFC6EB0066F30E /* fomoTests.m */,
				2C080D7B18CFC6EB0066F30E /* Supporting Files */,
			);
			path = fomoTests;
			sourceTree = "<group>";
		};
		2C080D7B18CFC6EB0066F30E /* Supporting Files */ = {
			isa = PBXGroup;
			children = (
				2C080D7C18CFC6EB0066F30E /* fomoTests-Info.plist */,
				2C080D7D18CFC6EB0066F30E /* InfoPlist.strings */,
			);
			name = "Supporting Files";
			sourceTree = "<group>";
		};
		2C080D9C18CFDCB00066F30E /* Images */ = {
			isa = PBXGroup;
			children = (
				2CA1A2F618E4368A00BB358A /* star.png */,
				2CA1A2EA18E4358B00BB358A /* outdoors.png */,
				2CA1A2EB18E4358B00BB358A /* arts.png */,
				2CA1A2EC18E4358B00BB358A /* sights.png */,
				2CA1A2ED18E4358B00BB358A /* shopping.png */,
				2CA1A2EE18E4358B00BB358A /* nightlife.png */,
				2CA1A2EF18E4358B00BB358A /* coffee.png */,
				2CA1A2E518E4302700BB358A /* burger.png */,
				2CA7F40B18E2D1E200EF4A25 /* search.png */,
				2CB245C518DC8C8400EA1EB3 /* check.png */,
				2C769DE718DC868800DB34AD /* back.png */,
				2C769DE518DC293000DB34AD /* close.png */,
				2C769DE318DC25C100DB34AD /* record.png */,
				2C769DE118DBF35700DB34AD /* logo.png */,
				2C769DDF18DB235500DB34AD /* add.png */,
				2C769DDD18DB008800DB34AD /* profile.png */,
				2C769DDB18DAFF0A00DB34AD /* menu.png */,
				2C769DC918DAF95B00DB34AD /* entypo-options@2x.png */,
				2C769DCA18DAF95B00DB34AD /* entypo-options.png */,
				2C769DCB18DAF95B00DB34AD /* entypo-user@2x.png */,
				2C769DCC18DAF95B00DB34AD /* entypo-user.png */,
				2C769DCD18DAF95B00DB34AD /* entypo-close@2x.png */,
				2C769DCE18DAF95C00DB34AD /* entypo-close.png */,
				2C769DCF18DAF95C00DB34AD /* entypo-menu@2x.png */,
				2C769DD018DAF95C00DB34AD /* entypo-menu.png */,
				2C080D9D18CFDD030066F30E /* capture_flip@2x.png */,
				2C080D9E18CFDD030066F30E /* capture_focus_button_active@2x.png */,
				2C080D9F18CFDD030066F30E /* capture_focus_button@2x.png */,
				2C080DA018CFDD030066F30E /* capture_focus@2x.png */,
				2C080DA118CFDD030066F30E /* capture_onion_selected@2x.png */,
				2C080DA218CFDD030066F30E /* capture_onion@2x.png */,
				2C080DA318CFDD030066F30E /* capture_rec_base@2x.png */,
				2C080DA418CFDD030066F30E /* capture_rec_blink@2x.png */,
				2C080DA518CFDD030066F30E /* capture_rec_off@2x.png */,
				2C080DA618CFDD030066F30E /* capture_yep@2x.png */,
			);
			name = Images;
			sourceTree = "<group>";
		};
		2C2752DE18E54CF8003D6C28 /* Views */ = {
			isa = PBXGroup;
			children = (
				2C080D9018CFD6790066F30E /* PBJFocusView.h */,
				2C080D9118CFD6790066F30E /* PBJFocusView.m */,
				2C080D9218CFD6790066F30E /* PBJStrobeView.h */,
				2C080D9318CFD6790066F30E /* PBJStrobeView.m */,
				2C080D8D18CFD6550066F30E /* PBJViewController.h */,
				2C080D8E18CFD6550066F30E /* PBJViewController.m */,
				2C3AC53518D674F2000854CA /* NotificationViewController.h */,
				2C3AC53618D674F2000854CA /* NotificationViewController.m */,
				2C080D6A18CFC6EB0066F30E /* MainViewController.h */,
				2C080D6B18CFC6EB0066F30E /* MainViewController.m */,
				2C04314918D076BE008C5476 /* PostViewController.h */,
				2C04314A18D076BE008C5476 /* PostViewController.m */,
				2CCB3D0718D090EC0090DA1A /* StreamTableViewController.h */,
				2CCB3D0818D090EC0090DA1A /* StreamTableViewController.m */,
				2C7945B318D3BB6400FCF401 /* AddPostViewController.h */,
				2C7945B418D3BB6400FCF401 /* AddPostViewController.m */,
				2CBE05B218DA5F0E00147743 /* ProfileViewController.h */,
				2CBE05B318DA5F0E00147743 /* ProfileViewController.m */,
				2CBE05C618DAE20400147743 /* StreamViewController.h */,
				2CBE05C718DAE20400147743 /* StreamViewController.m */,
				2CB245C718DCF02400EA1EB3 /* WelcomeViewController.h */,
				2CB245C818DCF02400EA1EB3 /* WelcomeViewController.m */,
				2CB245CA18DCF04B00EA1EB3 /* SignupViewController.h */,
				2CB245CB18DCF04B00EA1EB3 /* SignupViewController.m */,
				2CA7F40D18E2E34100EF4A25 /* BlurViewController.h */,
				2CA7F40E18E2E34100EF4A25 /* BlurViewController.m */,
				2CA1A2DD18E3A9C600BB358A /* MenuViewController.h */,
				2CA1A2DE18E3A9C600BB358A /* MenuViewController.m */,
				2CA1A2E018E415A100BB358A /* SearchViewController.h */,
				2CA1A2E118E415A100BB358A /* SearchViewController.m */,
				2CB48BBB18E59E4A00E82B90 /* PlaceViewController.h */,
				2CB48BBC18E59E4A00E82B90 /* PlaceViewController.m */,
			);
			name = Views;
			sourceTree = "<group>";
		};
		2C2752DF18E54D3E003D6C28 /* UI */ = {
			isa = PBXGroup;
			children = (
				2CCB3D0A18D105A80090DA1A /* PostCell.h */,
				2CCB3D0B18D105A80090DA1A /* PostCell.m */,
				2CA1A2E718E433DA00BB358A /* CategoryCell.h */,
				2CA1A2E818E433DA00BB358A /* CategoryCell.m */,
				2CB48BBE18E63E1800E82B90 /* UIExtensions.h */,
				2CB48BBF18E63E1800E82B90 /* UIExtensions.m */,
			);
			name = UI;
			sourceTree = "<group>";
		};
		2CBE05B518DA867D00147743 /* Fonts */ = {
			isa = PBXGroup;
			children = (
				2CBE05C418DAA39B00147743 /* mrseavesitalic.ttf */,
				2CBE05B618DA86FA00147743 /* proximanova-bold-webfont.ttf */,
				2CBE05B718DA86FA00147743 /* proximanova-light-webfont.ttf */,
				2CBE05B818DA86FA00147743 /* proximanova-lightitalic-webfont.ttf */,
				2CBE05B918DA86FA00147743 /* proximanova-semibold-webfont.ttf */,
				2CBE05BA18DA86FA00147743 /* proximanovacond-light-webfont.ttf */,
				2CBE05BB18DA86FA00147743 /* proximanovacond-lightit-webfont.ttf */,
				2CBE05BC18DA86FA00147743 /* proximanovacond-regular-webfont.ttf */,
			);
			name = Fonts;
			sourceTree = "<group>";
		};
		2CCB3D1318D1880B0090DA1A /* Models */ = {
			isa = PBXGroup;
			children = (
				2CCB3D1418D188320090DA1A /* Post.h */,
				2CCB3D1518D188320090DA1A /* Post.m */,
				2C88AF5618E165E90084227C /* Place.h */,
				2C88AF5718E165E90084227C /* Place.m */,
			);
			name = Models;
			sourceTree = "<group>";
		};
/* End PBXGroup section */

/* Begin PBXNativeTarget section */
		2C080D5118CFC6EB0066F30E /* fomo */ = {
			isa = PBXNativeTarget;
			buildConfigurationList = 2C080D8418CFC6EB0066F30E /* Build configuration list for PBXNativeTarget "fomo" */;
			buildPhases = (
				31AC8E779D404763A51FE523 /* Check Pods Manifest.lock */,
				2C080D4E18CFC6EB0066F30E /* Sources */,
				2C080D4F18CFC6EB0066F30E /* Frameworks */,
				2C080D5018CFC6EB0066F30E /* Resources */,
				F3025622884D4F8EB8DE5516 /* Copy Pods Resources */,
			);
			buildRules = (
			);
			dependencies = (
			);
			name = fomo;
			productName = fomo;
			productReference = 2C080D5218CFC6EB0066F30E /* fomo.app */;
			productType = "com.apple.product-type.application";
		};
		2C080D7218CFC6EB0066F30E /* fomoTests */ = {
			isa = PBXNativeTarget;
			buildConfigurationList = 2C080D8718CFC6EB0066F30E /* Build configuration list for PBXNativeTarget "fomoTests" */;
			buildPhases = (
				2C080D6F18CFC6EB0066F30E /* Sources */,
				2C080D7018CFC6EB0066F30E /* Frameworks */,
				2C080D7118CFC6EB0066F30E /* Resources */,
			);
			buildRules = (
			);
			dependencies = (
				2C080D7918CFC6EB0066F30E /* PBXTargetDependency */,
			);
			name = fomoTests;
			productName = fomoTests;
			productReference = 2C080D7318CFC6EB0066F30E /* fomoTests.xctest */;
			productType = "com.apple.product-type.bundle.unit-test";
		};
/* End PBXNativeTarget section */

/* Begin PBXProject section */
		2C080D4A18CFC6EA0066F30E /* Project object */ = {
			isa = PBXProject;
			attributes = {
				LastUpgradeCheck = 0500;
				ORGANIZATIONNAME = "Ebby Amir";
				TargetAttributes = {
					2C080D7218CFC6EB0066F30E = {
						TestTargetID = 2C080D5118CFC6EB0066F30E;
					};
				};
			};
			buildConfigurationList = 2C080D4D18CFC6EA0066F30E /* Build configuration list for PBXProject "fomo" */;
			compatibilityVersion = "Xcode 3.2";
			developmentRegion = English;
			hasScannedForEncodings = 0;
			knownRegions = (
				en,
				Base,
			);
			mainGroup = 2C080D4918CFC6EA0066F30E;
			productRefGroup = 2C080D5318CFC6EB0066F30E /* Products */;
			projectDirPath = "";
			projectRoot = "";
			targets = (
				2C080D5118CFC6EB0066F30E /* fomo */,
				2C080D7218CFC6EB0066F30E /* fomoTests */,
			);
		};
/* End PBXProject section */

/* Begin PBXResourcesBuildPhase section */
		2C080D5018CFC6EB0066F30E /* Resources */ = {
			isa = PBXResourcesBuildPhase;
			buildActionMask = 2147483647;
			files = (
				2CBE05BF18DA86FA00147743 /* proximanova-lightitalic-webfont.ttf in Resources */,
				2C080DAB18CFDD030066F30E /* capture_onion_selected@2x.png in Resources */,
				2C769DE218DBF35700DB34AD /* logo.png in Resources */,
				2C769DD318DAF95C00DB34AD /* entypo-user@2x.png in Resources */,
				2C769DE018DB235500DB34AD /* add.png in Resources */,
				2C769DD818DAF95C00DB34AD /* entypo-menu.png in Resources */,
				2CA1A2F118E4358B00BB358A /* arts.png in Resources */,
				2C769DE418DC25C100DB34AD /* record.png in Resources */,
				2CA7F40C18E2D1E200EF4A25 /* search.png in Resources */,
				2CA1A2F318E4358B00BB358A /* shopping.png in Resources */,
				2C080DB018CFDD030066F30E /* capture_yep@2x.png in Resources */,
				2CA1A2F718E4368A00BB358A /* star.png in Resources */,
				2CBE05BD18DA86FA00147743 /* proximanova-bold-webfont.ttf in Resources */,
				2C080D6E18CFC6EB0066F30E /* Images.xcassets in Resources */,
				2C080DAE18CFDD030066F30E /* capture_rec_blink@2x.png in Resources */,
				2CBE05C518DAA39B00147743 /* mrseavesitalic.ttf in Resources */,
				2C080D6018CFC6EB0066F30E /* InfoPlist.strings in Resources */,
				2C769DD218DAF95C00DB34AD /* entypo-options.png in Resources */,
				2C080DA818CFDD030066F30E /* capture_focus_button_active@2x.png in Resources */,
				2CA1A2F418E4358B00BB358A /* nightlife.png in Resources */,
				2C769DDE18DB008800DB34AD /* profile.png in Resources */,
				2C080DA718CFDD030066F30E /* capture_flip@2x.png in Resources */,
				2C080DAA18CFDD030066F30E /* capture_focus@2x.png in Resources */,
				2C769DE618DC293000DB34AD /* close.png in Resources */,
				2CB245C618DC8C8400EA1EB3 /* check.png in Resources */,
				2C080DAC18CFDD030066F30E /* capture_onion@2x.png in Resources */,
				2C769DE818DC868800DB34AD /* back.png in Resources */,
				2CBE05C018DA86FA00147743 /* proximanova-semibold-webfont.ttf in Resources */,
				2CBE05C318DA86FA00147743 /* proximanovacond-regular-webfont.ttf in Resources */,
				2CBE05C118DA86FA00147743 /* proximanovacond-light-webfont.ttf in Resources */,
				2CA1A2E618E4302700BB358A /* burger.png in Resources */,
				2C080DAD18CFDD030066F30E /* capture_rec_base@2x.png in Resources */,
				2C769DD118DAF95C00DB34AD /* entypo-options@2x.png in Resources */,
				2C769DD618DAF95C00DB34AD /* entypo-close.png in Resources */,
				2CA1A2F218E4358B00BB358A /* sights.png in Resources */,
				2C769DD718DAF95C00DB34AD /* entypo-menu@2x.png in Resources */,
				2C080DA918CFDD030066F30E /* capture_focus_button@2x.png in Resources */,
				2C769DD518DAF95C00DB34AD /* entypo-close@2x.png in Resources */,
				2C080DAF18CFDD030066F30E /* capture_rec_off@2x.png in Resources */,
				2CBE05BE18DA86FA00147743 /* proximanova-light-webfont.ttf in Resources */,
				2C769DDC18DAFF0A00DB34AD /* menu.png in Resources */,
				2CA1A2F518E4358B00BB358A /* coffee.png in Resources */,
				2CBE05C218DA86FA00147743 /* proximanovacond-lightit-webfont.ttf in Resources */,
				2C080D6918CFC6EB0066F30E /* Main.storyboard in Resources */,
				2CA1A2F018E4358B00BB358A /* outdoors.png in Resources */,
				2C769DD418DAF95C00DB34AD /* entypo-user.png in Resources */,
			);
			runOnlyForDeploymentPostprocessing = 0;
		};
		2C080D7118CFC6EB0066F30E /* Resources */ = {
			isa = PBXResourcesBuildPhase;
			buildActionMask = 2147483647;
			files = (
				2C080D7F18CFC6EB0066F30E /* InfoPlist.strings in Resources */,
			);
			runOnlyForDeploymentPostprocessing = 0;
		};
/* End PBXResourcesBuildPhase section */

/* Begin PBXShellScriptBuildPhase section */
		31AC8E779D404763A51FE523 /* Check Pods Manifest.lock */ = {
			isa = PBXShellScriptBuildPhase;
			buildActionMask = 2147483647;
			files = (
			);
			inputPaths = (
			);
			name = "Check Pods Manifest.lock";
			outputPaths = (
			);
			runOnlyForDeploymentPostprocessing = 0;
			shellPath = /bin/sh;
			shellScript = "diff \"${PODS_ROOT}/../Podfile.lock\" \"${PODS_ROOT}/Manifest.lock\" > /dev/null\nif [[ $? != 0 ]] ; then\n    cat << EOM\nerror: The sandbox is not in sync with the Podfile.lock. Run 'pod install' or update your CocoaPods installation.\nEOM\n    exit 1\nfi\n";
			showEnvVarsInLog = 0;
		};
		F3025622884D4F8EB8DE5516 /* Copy Pods Resources */ = {
			isa = PBXShellScriptBuildPhase;
			buildActionMask = 2147483647;
			files = (
			);
			inputPaths = (
			);
			name = "Copy Pods Resources";
			outputPaths = (
			);
			runOnlyForDeploymentPostprocessing = 0;
			shellPath = /bin/sh;
			shellScript = "\"${SRCROOT}/Pods/Pods-resources.sh\"\n";
			showEnvVarsInLog = 0;
		};
/* End PBXShellScriptBuildPhase section */

/* Begin PBXSourcesBuildPhase section */
		2C080D4E18CFC6EB0066F30E /* Sources */ = {
			isa = PBXSourcesBuildPhase;
			buildActionMask = 2147483647;
			files = (
				2C080D6C18CFC6EB0066F30E /* MainViewController.m in Sources */,
				2C080D6618CFC6EB0066F30E /* AppDelegate.m in Sources */,
				2C080D8F18CFD6550066F30E /* PBJViewController.m in Sources */,
				2C04314B18D076BE008C5476 /* PostViewController.m in Sources */,
				2CBE05B418DA5F0E00147743 /* ProfileViewController.m in Sources */,
				2CCB3D1218D11A520090DA1A /* Client.m in Sources */,
				2CCB3D0918D090EC0090DA1A /* StreamTableViewController.m in Sources */,
				2C7945B518D3BB6400FCF401 /* AddPostViewController.m in Sources */,
				2C3AC53718D674F2000854CA /* NotificationViewController.m in Sources */,
				2CA7F40F18E2E34100EF4A25 /* BlurViewController.m in Sources */,
				2C88AF5818E165E90084227C /* Place.m in Sources */,
				2C88AF5218E161320084227C /* Manager.m in Sources */,
				2CB48BBD18E59E4A00E82B90 /* PlaceViewController.m in Sources */,
				2CB48BC018E63E1800E82B90 /* UIExtensions.m in Sources */,
				2CCB3D0C18D105A80090DA1A /* PostCell.m in Sources */,
				2C080D9418CFD6790066F30E /* PBJFocusView.m in Sources */,
				2C88AF5518E1652A0084227C /* Foursquare.m in Sources */,
				2CCB3D1618D188320090DA1A /* Post.m in Sources */,
				2CB245CC18DCF04B00EA1EB3 /* SignupViewController.m in Sources */,
				2CBE05C818DAE20400147743 /* StreamViewController.m in Sources */,
				2CB245C918DCF02400EA1EB3 /* WelcomeViewController.m in Sources */,
				2C080D6218CFC6EB0066F30E /* main.m in Sources */,
				2C080D9518CFD6790066F30E /* PBJStrobeView.m in Sources */,
				2CA1A2E918E433DB00BB358A /* CategoryCell.m in Sources */,
				2CCB3D1918D24DF10090DA1A /* Constants.m in Sources */,
				2CA1A2E218E415A100BB358A /* SearchViewController.m in Sources */,
				2CA1A2DF18E3A9C600BB358A /* MenuViewController.m in Sources */,
			);
			runOnlyForDeploymentPostprocessing = 0;
		};
		2C080D6F18CFC6EB0066F30E /* Sources */ = {
			isa = PBXSourcesBuildPhase;
			buildActionMask = 2147483647;
			files = (
				2C080D8118CFC6EB0066F30E /* fomoTests.m in Sources */,
			);
			runOnlyForDeploymentPostprocessing = 0;
		};
/* End PBXSourcesBuildPhase section */

/* Begin PBXTargetDependency section */
		2C080D7918CFC6EB0066F30E /* PBXTargetDependency */ = {
			isa = PBXTargetDependency;
			target = 2C080D5118CFC6EB0066F30E /* fomo */;
			targetProxy = 2C080D7818CFC6EB0066F30E /* PBXContainerItemProxy */;
		};
/* End PBXTargetDependency section */

/* Begin PBXVariantGroup section */
		2C080D5E18CFC6EB0066F30E /* InfoPlist.strings */ = {
			isa = PBXVariantGroup;
			children = (
				2C080D5F18CFC6EB0066F30E /* en */,
			);
			name = InfoPlist.strings;
			sourceTree = "<group>";
		};
		2C080D6718CFC6EB0066F30E /* Main.storyboard */ = {
			isa = PBXVariantGroup;
			children = (
				2C080D6818CFC6EB0066F30E /* Base */,
			);
			name = Main.storyboard;
			sourceTree = "<group>";
		};
		2C080D7D18CFC6EB0066F30E /* InfoPlist.strings */ = {
			isa = PBXVariantGroup;
			children = (
				2C080D7E18CFC6EB0066F30E /* en */,
			);
			name = InfoPlist.strings;
			sourceTree = "<group>";
		};
/* End PBXVariantGroup section */

/* Begin XCBuildConfiguration section */
		2C080D8218CFC6EB0066F30E /* Debug */ = {
			isa = XCBuildConfiguration;
			buildSettings = {
				ALWAYS_SEARCH_USER_PATHS = NO;
				ARCHS = "$(ARCHS_STANDARD_INCLUDING_64_BIT)";
				CLANG_CXX_LANGUAGE_STANDARD = "gnu++0x";
				CLANG_CXX_LIBRARY = "libc++";
				CLANG_ENABLE_MODULES = YES;
				CLANG_ENABLE_OBJC_ARC = YES;
				CLANG_WARN_BOOL_CONVERSION = YES;
				CLANG_WARN_CONSTANT_CONVERSION = YES;
				CLANG_WARN_DIRECT_OBJC_ISA_USAGE = YES_ERROR;
				CLANG_WARN_EMPTY_BODY = YES;
				CLANG_WARN_ENUM_CONVERSION = YES;
				CLANG_WARN_INT_CONVERSION = YES;
				CLANG_WARN_OBJC_ROOT_CLASS = YES_ERROR;
				CLANG_WARN__DUPLICATE_METHOD_MATCH = YES;
				"CODE_SIGN_IDENTITY[sdk=iphoneos*]" = "iPhone Developer";
				COPY_PHASE_STRIP = NO;
				GCC_C_LANGUAGE_STANDARD = gnu99;
				GCC_DYNAMIC_NO_PIC = NO;
				GCC_OPTIMIZATION_LEVEL = 0;
				GCC_PREPROCESSOR_DEFINITIONS = (
					"DEBUG=1",
					"$(inherited)",
				);
				GCC_SYMBOLS_PRIVATE_EXTERN = NO;
				GCC_WARN_64_TO_32_BIT_CONVERSION = YES;
				GCC_WARN_ABOUT_RETURN_TYPE = YES_ERROR;
				GCC_WARN_UNDECLARED_SELECTOR = YES;
				GCC_WARN_UNINITIALIZED_AUTOS = YES;
				GCC_WARN_UNUSED_FUNCTION = YES;
				GCC_WARN_UNUSED_VARIABLE = YES;
				IPHONEOS_DEPLOYMENT_TARGET = 7.0;
				ONLY_ACTIVE_ARCH = YES;
				SDKROOT = iphoneos;
			};
			name = Debug;
		};
		2C080D8318CFC6EB0066F30E /* Release */ = {
			isa = XCBuildConfiguration;
			buildSettings = {
				ALWAYS_SEARCH_USER_PATHS = NO;
				ARCHS = "$(ARCHS_STANDARD_INCLUDING_64_BIT)";
				CLANG_CXX_LANGUAGE_STANDARD = "gnu++0x";
				CLANG_CXX_LIBRARY = "libc++";
				CLANG_ENABLE_MODULES = YES;
				CLANG_ENABLE_OBJC_ARC = YES;
				CLANG_WARN_BOOL_CONVERSION = YES;
				CLANG_WARN_CONSTANT_CONVERSION = YES;
				CLANG_WARN_DIRECT_OBJC_ISA_USAGE = YES_ERROR;
				CLANG_WARN_EMPTY_BODY = YES;
				CLANG_WARN_ENUM_CONVERSION = YES;
				CLANG_WARN_INT_CONVERSION = YES;
				CLANG_WARN_OBJC_ROOT_CLASS = YES_ERROR;
				CLANG_WARN__DUPLICATE_METHOD_MATCH = YES;
				"CODE_SIGN_IDENTITY[sdk=iphoneos*]" = "iPhone Developer";
				COPY_PHASE_STRIP = YES;
				ENABLE_NS_ASSERTIONS = NO;
				GCC_C_LANGUAGE_STANDARD = gnu99;
				GCC_WARN_64_TO_32_BIT_CONVERSION = YES;
				GCC_WARN_ABOUT_RETURN_TYPE = YES_ERROR;
				GCC_WARN_UNDECLARED_SELECTOR = YES;
				GCC_WARN_UNINITIALIZED_AUTOS = YES;
				GCC_WARN_UNUSED_FUNCTION = YES;
				GCC_WARN_UNUSED_VARIABLE = YES;
				IPHONEOS_DEPLOYMENT_TARGET = 7.0;
				SDKROOT = iphoneos;
				VALIDATE_PRODUCT = YES;
			};
			name = Release;
		};
		2C080D8518CFC6EB0066F30E /* Debug */ = {
			isa = XCBuildConfiguration;
			baseConfigurationReference = B9B0D5FE7C8B47A3878B3090 /* Pods.xcconfig */;
			buildSettings = {
				ASSETCATALOG_COMPILER_APPICON_NAME = AppIcon;
				ASSETCATALOG_COMPILER_LAUNCHIMAGE_NAME = LaunchImage;
				GCC_PRECOMPILE_PREFIX_HEADER = YES;
				GCC_PREFIX_HEADER = "fomo/fomo-Prefix.pch";
				INFOPLIST_FILE = "fomo/fomo-Info.plist";
				PRODUCT_NAME = "$(TARGET_NAME)";
				WRAPPER_EXTENSION = app;
			};
			name = Debug;
		};
		2C080D8618CFC6EB0066F30E /* Release */ = {
			isa = XCBuildConfiguration;
			baseConfigurationReference = B9B0D5FE7C8B47A3878B3090 /* Pods.xcconfig */;
			buildSettings = {
				ASSETCATALOG_COMPILER_APPICON_NAME = AppIcon;
				ASSETCATALOG_COMPILER_LAUNCHIMAGE_NAME = LaunchImage;
				GCC_PRECOMPILE_PREFIX_HEADER = YES;
				GCC_PREFIX_HEADER = "fomo/fomo-Prefix.pch";
				INFOPLIST_FILE = "fomo/fomo-Info.plist";
				PRODUCT_NAME = "$(TARGET_NAME)";
				WRAPPER_EXTENSION = app;
			};
			name = Release;
		};
		2C080D8818CFC6EB0066F30E /* Debug */ = {
			isa = XCBuildConfiguration;
			buildSettings = {
				ARCHS = "$(ARCHS_STANDARD_INCLUDING_64_BIT)";
				BUNDLE_LOADER = "$(BUILT_PRODUCTS_DIR)/fomo.app/fomo";
				FRAMEWORK_SEARCH_PATHS = (
					"$(SDKROOT)/Developer/Library/Frameworks",
					"$(inherited)",
					"$(DEVELOPER_FRAMEWORKS_DIR)",
				);
				GCC_PRECOMPILE_PREFIX_HEADER = YES;
				GCC_PREFIX_HEADER = "fomo/fomo-Prefix.pch";
				GCC_PREPROCESSOR_DEFINITIONS = (
					"DEBUG=1",
					"$(inherited)",
				);
				INFOPLIST_FILE = "fomoTests/fomoTests-Info.plist";
				PRODUCT_NAME = "$(TARGET_NAME)";
				TEST_HOST = "$(BUNDLE_LOADER)";
				WRAPPER_EXTENSION = xctest;
			};
			name = Debug;
		};
		2C080D8918CFC6EB0066F30E /* Release */ = {
			isa = XCBuildConfiguration;
			buildSettings = {
				ARCHS = "$(ARCHS_STANDARD_INCLUDING_64_BIT)";
				BUNDLE_LOADER = "$(BUILT_PRODUCTS_DIR)/fomo.app/fomo";
				FRAMEWORK_SEARCH_PATHS = (
					"$(SDKROOT)/Developer/Library/Frameworks",
					"$(inherited)",
					"$(DEVELOPER_FRAMEWORKS_DIR)",
				);
				GCC_PRECOMPILE_PREFIX_HEADER = YES;
				GCC_PREFIX_HEADER = "fomo/fomo-Prefix.pch";
				INFOPLIST_FILE = "fomoTests/fomoTests-Info.plist";
				PRODUCT_NAME = "$(TARGET_NAME)";
				TEST_HOST = "$(BUNDLE_LOADER)";
				WRAPPER_EXTENSION = xctest;
			};
			name = Release;
		};
/* End XCBuildConfiguration section */

/* Begin XCConfigurationList section */
		2C080D4D18CFC6EA0066F30E /* Build configuration list for PBXProject "fomo" */ = {
			isa = XCConfigurationList;
			buildConfigurations = (
				2C080D8218CFC6EB0066F30E /* Debug */,
				2C080D8318CFC6EB0066F30E /* Release */,
			);
			defaultConfigurationIsVisible = 0;
			defaultConfigurationName = Release;
		};
		2C080D8418CFC6EB0066F30E /* Build configuration list for PBXNativeTarget "fomo" */ = {
			isa = XCConfigurationList;
			buildConfigurations = (
				2C080D8518CFC6EB0066F30E /* Debug */,
				2C080D8618CFC6EB0066F30E /* Release */,
			);
			defaultConfigurationIsVisible = 0;
			defaultConfigurationName = Release;
		};
		2C080D8718CFC6EB0066F30E /* Build configuration list for PBXNativeTarget "fomoTests" */ = {
			isa = XCConfigurationList;
			buildConfigurations = (
				2C080D8818CFC6EB0066F30E /* Debug */,
				2C080D8918CFC6EB0066F30E /* Release */,
			);
			defaultConfigurationIsVisible = 0;
			defaultConfigurationName = Release;
		};
/* End XCConfigurationList section */
	};
	rootObject = 2C080D4A18CFC6EA0066F30E /* Project object */;
}
